// !$*UTF8*$!
{
	archiveVersion = 1;
	classes = {
	};
	objectVersion = 55;
	objects = {

/* Begin PBXBuildFile section */
		D634BA2B27EB71C700DDCA79 /* Swift_iOS_RPG_ProjectApp.swift in Sources */ = {isa = PBXBuildFile; fileRef = D634BA2A27EB71C700DDCA79 /* Swift_iOS_RPG_ProjectApp.swift */; };
		D634BA2D27EB71C700DDCA79 /* ContentView.swift in Sources */ = {isa = PBXBuildFile; fileRef = D634BA2C27EB71C700DDCA79 /* ContentView.swift */; };
		D634BA2F27EB71C700DDCA79 /* Assets.xcassets in Resources */ = {isa = PBXBuildFile; fileRef = D634BA2E27EB71C700DDCA79 /* Assets.xcassets */; };
		D634BA3227EB71C700DDCA79 /* Preview Assets.xcassets in Resources */ = {isa = PBXBuildFile; fileRef = D634BA3127EB71C700DDCA79 /* Preview Assets.xcassets */; };
		D634BA3C27EB71C800DDCA79 /* Swift_iOS_RPG_ProjectTests.swift in Sources */ = {isa = PBXBuildFile; fileRef = D634BA3B27EB71C800DDCA79 /* Swift_iOS_RPG_ProjectTests.swift */; };
		D634BA4627EB71C800DDCA79 /* Swift_iOS_RPG_ProjectUITests.swift in Sources */ = {isa = PBXBuildFile; fileRef = D634BA4527EB71C800DDCA79 /* Swift_iOS_RPG_ProjectUITests.swift */; };
		D634BA4827EB71C800DDCA79 /* Swift_iOS_RPG_ProjectUITestsLaunchTests.swift in Sources */ = {isa = PBXBuildFile; fileRef = D634BA4727EB71C800DDCA79 /* Swift_iOS_RPG_ProjectUITestsLaunchTests.swift */; };
/* End PBXBuildFile section */

/* Begin PBXContainerItemProxy section */
		D634BA3827EB71C800DDCA79 /* PBXContainerItemProxy */ = {
			isa = PBXContainerItemProxy;
			containerPortal = D634BA1F27EB71C700DDCA79 /* Project object */;
			proxyType = 1;
			remoteGlobalIDString = D634BA2627EB71C700DDCA79;
			remoteInfo = "Swift iOS RPG Project";
		};
		D634BA4227EB71C800DDCA79 /* PBXContainerItemProxy */ = {
			isa = PBXContainerItemProxy;
			containerPortal = D634BA1F27EB71C700DDCA79 /* Project object */;
			proxyType = 1;
			remoteGlobalIDString = D634BA2627EB71C700DDCA79;
			remoteInfo = "Swift iOS RPG Project";
		};
/* End PBXContainerItemProxy section */

/* Begin PBXFileReference section */
		D634BA2727EB71C700DDCA79 /* Swift iOS RPG Project.app */ = {isa = PBXFileReference; explicitFileType = wrapper.application; includeInIndex = 0; path = "Swift iOS RPG Project.app"; sourceTree = BUILT_PRODUCTS_DIR; };
		D634BA2A27EB71C700DDCA79 /* Swift_iOS_RPG_ProjectApp.swift */ = {isa = PBXFileReference; lastKnownFileType = sourcecode.swift; path = Swift_iOS_RPG_ProjectApp.swift; sourceTree = "<group>"; };
		D634BA2C27EB71C700DDCA79 /* ContentView.swift */ = {isa = PBXFileReference; lastKnownFileType = sourcecode.swift; path = ContentView.swift; sourceTree = "<group>"; };
		D634BA2E27EB71C700DDCA79 /* Assets.xcassets */ = {isa = PBXFileReference; lastKnownFileType = folder.assetcatalog; path = Assets.xcassets; sourceTree = "<group>"; };
		D634BA3127EB71C700DDCA79 /* Preview Assets.xcassets */ = {isa = PBXFileReference; lastKnownFileType = folder.assetcatalog; path = "Preview Assets.xcassets"; sourceTree = "<group>"; };
		D634BA3727EB71C800DDCA79 /* Swift iOS RPG ProjectTests.xctest */ = {isa = PBXFileReference; explicitFileType = wrapper.cfbundle; includeInIndex = 0; path = "Swift iOS RPG ProjectTests.xctest"; sourceTree = BUILT_PRODUCTS_DIR; };
		D634BA3B27EB71C800DDCA79 /* Swift_iOS_RPG_ProjectTests.swift */ = {isa = PBXFileReference; lastKnownFileType = sourcecode.swift; path = Swift_iOS_RPG_ProjectTests.swift; sourceTree = "<group>"; };
		D634BA4127EB71C800DDCA79 /* Swift iOS RPG ProjectUITests.xctest */ = {isa = PBXFileReference; explicitFileType = wrapper.cfbundle; includeInIndex = 0; path = "Swift iOS RPG ProjectUITests.xctest"; sourceTree = BUILT_PRODUCTS_DIR; };
		D634BA4527EB71C800DDCA79 /* Swift_iOS_RPG_ProjectUITests.swift */ = {isa = PBXFileReference; lastKnownFileType = sourcecode.swift; path = Swift_iOS_RPG_ProjectUITests.swift; sourceTree = "<group>"; };
		D634BA4727EB71C800DDCA79 /* Swift_iOS_RPG_ProjectUITestsLaunchTests.swift */ = {isa = PBXFileReference; lastKnownFileType = sourcecode.swift; path = Swift_iOS_RPG_ProjectUITestsLaunchTests.swift; sourceTree = "<group>"; };
/* End PBXFileReference section */

/* Begin PBXFrameworksBuildPhase section */
		D634BA2427EB71C700DDCA79 /* Frameworks */ = {
			isa = PBXFrameworksBuildPhase;
			buildActionMask = 2147483647;
			files = (
			);
			runOnlyForDeploymentPostprocessing = 0;
		};
		D634BA3427EB71C800DDCA79 /* Frameworks */ = {
			isa = PBXFrameworksBuildPhase;
			buildActionMask = 2147483647;
			files = (
			);
			runOnlyForDeploymentPostprocessing = 0;
		};
		D634BA3E27EB71C800DDCA79 /* Frameworks */ = {
			isa = PBXFrameworksBuildPhase;
			buildActionMask = 2147483647;
			files = (
			);
			runOnlyForDeploymentPostprocessing = 0;
		};
/* End PBXFrameworksBuildPhase section */

/* Begin PBXGroup section */
		D634BA1E27EB71C700DDCA79 = {
			isa = PBXGroup;
			children = (
				D634BA2927EB71C700DDCA79 /* Swift iOS RPG Project */,
				D634BA3A27EB71C800DDCA79 /* Swift iOS RPG ProjectTests */,
				D634BA4427EB71C800DDCA79 /* Swift iOS RPG ProjectUITests */,
				D634BA2827EB71C700DDCA79 /* Products */,
			);
			sourceTree = "<group>";
		};
		D634BA2827EB71C700DDCA79 /* Products */ = {
			isa = PBXGroup;
			children = (
				D634BA2727EB71C700DDCA79 /* Swift iOS RPG Project.app */,
				D634BA3727EB71C800DDCA79 /* Swift iOS RPG ProjectTests.xctest */,
				D634BA4127EB71C800DDCA79 /* Swift iOS RPG ProjectUITests.xctest */,
			);
			name = Products;
			sourceTree = "<group>";
		};
		D634BA2927EB71C700DDCA79 /* Swift iOS RPG Project */ = {
			isa = PBXGroup;
			children = (
				D634BA2A27EB71C700DDCA79 /* Swift_iOS_RPG_ProjectApp.swift */,
				D634BA2C27EB71C700DDCA79 /* ContentView.swift */,
				D634BA2E27EB71C700DDCA79 /* Assets.xcassets */,
				D634BA3027EB71C700DDCA79 /* Preview Content */,
			);
			path = "Swift iOS RPG Project";
			sourceTree = "<group>";
		};
		D634BA3027EB71C700DDCA79 /* Preview Content */ = {
			isa = PBXGroup;
			children = (
				D634BA3127EB71C700DDCA79 /* Preview Assets.xcassets */,
			);
			path = "Preview Content";
			sourceTree = "<group>";
		};
		D634BA3A27EB71C800DDCA79 /* Swift iOS RPG ProjectTests */ = {
			isa = PBXGroup;
			children = (
				D634BA3B27EB71C800DDCA79 /* Swift_iOS_RPG_ProjectTests.swift */,
			);
			path = "Swift iOS RPG ProjectTests";
			sourceTree = "<group>";
		};
		D634BA4427EB71C800DDCA79 /* Swift iOS RPG ProjectUITests */ = {
			isa = PBXGroup;
			children = (
				D634BA4527EB71C800DDCA79 /* Swift_iOS_RPG_ProjectUITests.swift */,
				D634BA4727EB71C800DDCA79 /* Swift_iOS_RPG_ProjectUITestsLaunchTests.swift */,
			);
			path = "Swift iOS RPG ProjectUITests";
			sourceTree = "<group>";
		};
/* End PBXGroup section */

/* Begin PBXNativeTarget section */
		D634BA2627EB71C700DDCA79 /* Swift iOS RPG Project */ = {
			isa = PBXNativeTarget;
			buildConfigurationList = D634BA4B27EB71C800DDCA79 /* Build configuration list for PBXNativeTarget "Swift iOS RPG Project" */;
			buildPhases = (
				D634BA2327EB71C700DDCA79 /* Sources */,
				D634BA2427EB71C700DDCA79 /* Frameworks */,
				D634BA2527EB71C700DDCA79 /* Resources */,
			);
			buildRules = (
			);
			dependencies = (
			);
			name = "Swift iOS RPG Project";
			productName = "Swift iOS RPG Project";
			productReference = D634BA2727EB71C700DDCA79 /* Swift iOS RPG Project.app */;
			productType = "com.apple.product-type.application";
		};
		D634BA3627EB71C800DDCA79 /* Swift iOS RPG ProjectTests */ = {
			isa = PBXNativeTarget;
			buildConfigurationList = D634BA4E27EB71C800DDCA79 /* Build configuration list for PBXNativeTarget "Swift iOS RPG ProjectTests" */;
			buildPhases = (
				D634BA3327EB71C800DDCA79 /* Sources */,
				D634BA3427EB71C800DDCA79 /* Frameworks */,
				D634BA3527EB71C800DDCA79 /* Resources */,
			);
			buildRules = (
			);
			dependencies = (
				D634BA3927EB71C800DDCA79 /* PBXTargetDependency */,
			);
			name = "Swift iOS RPG ProjectTests";
			productName = "Swift iOS RPG ProjectTests";
			productReference = D634BA3727EB71C800DDCA79 /* Swift iOS RPG ProjectTests.xctest */;
			productType = "com.apple.product-type.bundle.unit-test";
		};
		D634BA4027EB71C800DDCA79 /* Swift iOS RPG ProjectUITests */ = {
			isa = PBXNativeTarget;
			buildConfigurationList = D634BA5127EB71C800DDCA79 /* Build configuration list for PBXNativeTarget "Swift iOS RPG ProjectUITests" */;
			buildPhases = (
				D634BA3D27EB71C800DDCA79 /* Sources */,
				D634BA3E27EB71C800DDCA79 /* Frameworks */,
				D634BA3F27EB71C800DDCA79 /* Resources */,
			);
			buildRules = (
			);
			dependencies = (
				D634BA4327EB71C800DDCA79 /* PBXTargetDependency */,
			);
			name = "Swift iOS RPG ProjectUITests";
			productName = "Swift iOS RPG ProjectUITests";
			productReference = D634BA4127EB71C800DDCA79 /* Swift iOS RPG ProjectUITests.xctest */;
			productType = "com.apple.product-type.bundle.ui-testing";
		};
/* End PBXNativeTarget section */

/* Begin PBXProject section */
		D634BA1F27EB71C700DDCA79 /* Project object */ = {
			isa = PBXProject;
			attributes = {
				BuildIndependentTargetsInParallel = 1;
				LastSwiftUpdateCheck = 1320;
				LastUpgradeCheck = 1320;
				TargetAttributes = {
					D634BA2627EB71C700DDCA79 = {
						CreatedOnToolsVersion = 13.2.1;
					};
					D634BA3627EB71C800DDCA79 = {
						CreatedOnToolsVersion = 13.2.1;
						TestTargetID = D634BA2627EB71C700DDCA79;
					};
					D634BA4027EB71C800DDCA79 = {
						CreatedOnToolsVersion = 13.2.1;
						TestTargetID = D634BA2627EB71C700DDCA79;
					};
				};
			};
			buildConfigurationList = D634BA2227EB71C700DDCA79 /* Build configuration list for PBXProject "Swift iOS RPG Project" */;
			compatibilityVersion = "Xcode 13.0";
			developmentRegion = en;
			hasScannedForEncodings = 0;
			knownRegions = (
				en,
				Base,
			);
			mainGroup = D634BA1E27EB71C700DDCA79;
			productRefGroup = D634BA2827EB71C700DDCA79 /* Products */;
			projectDirPath = "";
			projectRoot = "";
			targets = (
				D634BA2627EB71C700DDCA79 /* Swift iOS RPG Project */,
				D634BA3627EB71C800DDCA79 /* Swift iOS RPG ProjectTests */,
				D634BA4027EB71C800DDCA79 /* Swift iOS RPG ProjectUITests */,
			);
		};
/* End PBXProject section */

/* Begin PBXResourcesBuildPhase section */
		D634BA2527EB71C700DDCA79 /* Resources */ = {
			isa = PBXResourcesBuildPhase;
			buildActionMask = 2147483647;
			files = (
				D634BA3227EB71C700DDCA79 /* Preview Assets.xcassets in Resources */,
				D634BA2F27EB71C700DDCA79 /* Assets.xcassets in Resources */,
			);
			runOnlyForDeploymentPostprocessing = 0;
		};
		D634BA3527EB71C800DDCA79 /* Resources */ = {
			isa = PBXResourcesBuildPhase;
			buildActionMask = 2147483647;
			files = (
			);
			runOnlyForDeploymentPostprocessing = 0;
		};
		D634BA3F27EB71C800DDCA79 /* Resources */ = {
			isa = PBXResourcesBuildPhase;
			buildActionMask = 2147483647;
			files = (
			);
			runOnlyForDeploymentPostprocessing = 0;
		};
/* End PBXResourcesBuildPhase section */

/* Begin PBXSourcesBuildPhase section */
		D634BA2327EB71C700DDCA79 /* Sources */ = {
			isa = PBXSourcesBuildPhase;
			buildActionMask = 2147483647;
			files = (
				D634BA2D27EB71C700DDCA79 /* ContentView.swift in Sources */,
				D634BA2B27EB71C700DDCA79 /* Swift_iOS_RPG_ProjectApp.swift in Sources */,
			);
			runOnlyForDeploymentPostprocessing = 0;
		};
		D634BA3327EB71C800DDCA79 /* Sources */ = {
			isa = PBXSourcesBuildPhase;
			buildActionMask = 2147483647;
			files = (
				D634BA3C27EB71C800DDCA79 /* Swift_iOS_RPG_ProjectTests.swift in Sources */,
			);
			runOnlyForDeploymentPostprocessing = 0;
		};
		D634BA3D27EB71C800DDCA79 /* Sources */ = {
			isa = PBXSourcesBuildPhase;
			buildActionMask = 2147483647;
			files = (
				D634BA4827EB71C800DDCA79 /* Swift_iOS_RPG_ProjectUITestsLaunchTests.swift in Sources */,
				D634BA4627EB71C800DDCA79 /* Swift_iOS_RPG_ProjectUITests.swift in Sources */,
			);
			runOnlyForDeploymentPostprocessing = 0;
		};
/* End PBXSourcesBuildPhase section */

/* Begin PBXTargetDependency section */
		D634BA3927EB71C800DDCA79 /* PBXTargetDependency */ = {
			isa = PBXTargetDependency;
			target = D634BA2627EB71C700DDCA79 /* Swift iOS RPG Project */;
			targetProxy = D634BA3827EB71C800DDCA79 /* PBXContainerItemProxy */;
		};
		D634BA4327EB71C800DDCA79 /* PBXTargetDependency */ = {
			isa = PBXTargetDependency;
			target = D634BA2627EB71C700DDCA79 /* Swift iOS RPG Project */;
			targetProxy = D634BA4227EB71C800DDCA79 /* PBXContainerItemProxy */;
		};
/* End PBXTargetDependency section */

/* Begin XCBuildConfiguration section */
		D634BA4927EB71C800DDCA79 /* Debug */ = {
			isa = XCBuildConfiguration;
			buildSettings = {
				ALWAYS_SEARCH_USER_PATHS = NO;
				CLANG_ANALYZER_NONNULL = YES;
				CLANG_ANALYZER_NUMBER_OBJECT_CONVERSION = YES_AGGRESSIVE;
				CLANG_CXX_LANGUAGE_STANDARD = "gnu++17";
				CLANG_CXX_LIBRARY = "libc++";
				CLANG_ENABLE_MODULES = YES;
				CLANG_ENABLE_OBJC_ARC = YES;
				CLANG_ENABLE_OBJC_WEAK = YES;
				CLANG_WARN_BLOCK_CAPTURE_AUTORELEASING = YES;
				CLANG_WARN_BOOL_CONVERSION = YES;
				CLANG_WARN_COMMA = YES;
				CLANG_WARN_CONSTANT_CONVERSION = YES;
				CLANG_WARN_DEPRECATED_OBJC_IMPLEMENTATIONS = YES;
				CLANG_WARN_DIRECT_OBJC_ISA_USAGE = YES_ERROR;
				CLANG_WARN_DOCUMENTATION_COMMENTS = YES;
				CLANG_WARN_EMPTY_BODY = YES;
				CLANG_WARN_ENUM_CONVERSION = YES;
				CLANG_WARN_INFINITE_RECURSION = YES;
				CLANG_WARN_INT_CONVERSION = YES;
				CLANG_WARN_NON_LITERAL_NULL_CONVERSION = YES;
				CLANG_WARN_OBJC_IMPLICIT_RETAIN_SELF = YES;
				CLANG_WARN_OBJC_LITERAL_CONVERSION = YES;
				CLANG_WARN_OBJC_ROOT_CLASS = YES_ERROR;
				CLANG_WARN_QUOTED_INCLUDE_IN_FRAMEWORK_HEADER = YES;
				CLANG_WARN_RANGE_LOOP_ANALYSIS = YES;
				CLANG_WARN_STRICT_PROTOTYPES = YES;
				CLANG_WARN_SUSPICIOUS_MOVE = YES;
				CLANG_WARN_UNGUARDED_AVAILABILITY = YES_AGGRESSIVE;
				CLANG_WARN_UNREACHABLE_CODE = YES;
				CLANG_WARN__DUPLICATE_METHOD_MATCH = YES;
				COPY_PHASE_STRIP = NO;
				DEBUG_INFORMATION_FORMAT = dwarf;
				ENABLE_STRICT_OBJC_MSGSEND = YES;
				ENABLE_TESTABILITY = YES;
				GCC_C_LANGUAGE_STANDARD = gnu11;
				GCC_DYNAMIC_NO_PIC = NO;
				GCC_NO_COMMON_BLOCKS = YES;
				GCC_OPTIMIZATION_LEVEL = 0;
				GCC_PREPROCESSOR_DEFINITIONS = (
					"DEBUG=1",
					"$(inherited)",
				);
				GCC_WARN_64_TO_32_BIT_CONVERSION = YES;
				GCC_WARN_ABOUT_RETURN_TYPE = YES_ERROR;
				GCC_WARN_UNDECLARED_SELECTOR = YES;
				GCC_WARN_UNINITIALIZED_AUTOS = YES_AGGRESSIVE;
				GCC_WARN_UNUSED_FUNCTION = YES;
				GCC_WARN_UNUSED_VARIABLE = YES;
				IPHONEOS_DEPLOYMENT_TARGET = 15.2;
				MTL_ENABLE_DEBUG_INFO = INCLUDE_SOURCE;
				MTL_FAST_MATH = YES;
				ONLY_ACTIVE_ARCH = YES;
				SDKROOT = iphoneos;
				SWIFT_ACTIVE_COMPILATION_CONDITIONS = DEBUG;
				SWIFT_OPTIMIZATION_LEVEL = "-Onone";
			};
			name = Debug;
		};
		D634BA4A27EB71C800DDCA79 /* Release */ = {
			isa = XCBuildConfiguration;
			buildSettings = {
				ALWAYS_SEARCH_USER_PATHS = NO;
				CLANG_ANALYZER_NONNULL = YES;
				CLANG_ANALYZER_NUMBER_OBJECT_CONVERSION = YES_AGGRESSIVE;
				CLANG_CXX_LANGUAGE_STANDARD = "gnu++17";
				CLANG_CXX_LIBRARY = "libc++";
				CLANG_ENABLE_MODULES = YES;
				CLANG_ENABLE_OBJC_ARC = YES;
				CLANG_ENABLE_OBJC_WEAK = YES;
				CLANG_WARN_BLOCK_CAPTURE_AUTORELEASING = YES;
				CLANG_WARN_BOOL_CONVERSION = YES;
				CLANG_WARN_COMMA = YES;
				CLANG_WARN_CONSTANT_CONVERSION = YES;
				CLANG_WARN_DEPRECATED_OBJC_IMPLEMENTATIONS = YES;
				CLANG_WARN_DIRECT_OBJC_ISA_USAGE = YES_ERROR;
				CLANG_WARN_DOCUMENTATION_COMMENTS = YES;
				CLANG_WARN_EMPTY_BODY = YES;
				CLANG_WARN_ENUM_CONVERSION = YES;
				CLANG_WARN_INFINITE_RECURSION = YES;
				CLANG_WARN_INT_CONVERSION = YES;
				CLANG_WARN_NON_LITERAL_NULL_CONVERSION = YES;
				CLANG_WARN_OBJC_IMPLICIT_RETAIN_SELF = YES;
				CLANG_WARN_OBJC_LITERAL_CONVERSION = YES;
				CLANG_WARN_OBJC_ROOT_CLASS = YES_ERROR;
				CLANG_WARN_QUOTED_INCLUDE_IN_FRAMEWORK_HEADER = YES;
				CLANG_WARN_RANGE_LOOP_ANALYSIS = YES;
				CLANG_WARN_STRICT_PROTOTYPES = YES;
				CLANG_WARN_SUSPICIOUS_MOVE = YES;
				CLANG_WARN_UNGUARDED_AVAILABILITY = YES_AGGRESSIVE;
				CLANG_WARN_UNREACHABLE_CODE = YES;
				CLANG_WARN__DUPLICATE_METHOD_MATCH = YES;
				COPY_PHASE_STRIP = NO;
				DEBUG_INFORMATION_FORMAT = "dwarf-with-dsym";
				ENABLE_NS_ASSERTIONS = NO;
				ENABLE_STRICT_OBJC_MSGSEND = YES;
				GCC_C_LANGUAGE_STANDARD = gnu11;
				GCC_NO_COMMON_BLOCKS = YES;
				GCC_WARN_64_TO_32_BIT_CONVERSION = YES;
				GCC_WARN_ABOUT_RETURN_TYPE = YES_ERROR;
				GCC_WARN_UNDECLARED_SELECTOR = YES;
				GCC_WARN_UNINITIALIZED_AUTOS = YES_AGGRESSIVE;
				GCC_WARN_UNUSED_FUNCTION = YES;
				GCC_WARN_UNUSED_VARIABLE = YES;
				IPHONEOS_DEPLOYMENT_TARGET = 15.2;
				MTL_ENABLE_DEBUG_INFO = NO;
				MTL_FAST_MATH = YES;
				SDKROOT = iphoneos;
				SWIFT_COMPILATION_MODE = wholemodule;
				SWIFT_OPTIMIZATION_LEVEL = "-O";
				VALIDATE_PRODUCT = YES;
			};
			name = Release;
		};
		D634BA4C27EB71C800DDCA79 /* Debug */ = {
			isa = XCBuildConfiguration;
			buildSettings = {
				ASSETCATALOG_COMPILER_APPICON_NAME = AppIcon;
				ASSETCATALOG_COMPILER_GLOBAL_ACCENT_COLOR_NAME = AccentColor;
				CODE_SIGN_STYLE = Automatic;
				CURRENT_PROJECT_VERSION = 1;
				DEVELOPMENT_ASSET_PATHS = "\"Swift iOS RPG Project/Preview Content\"";
				ENABLE_PREVIEWS = YES;
				GENERATE_INFOPLIST_FILE = YES;
				INFOPLIST_KEY_UIApplicationSceneManifest_Generation = YES;
				INFOPLIST_KEY_UIApplicationSupportsIndirectInputEvents = YES;
				INFOPLIST_KEY_UILaunchScreen_Generation = YES;
				INFOPLIST_KEY_UISupportedInterfaceOrientations_iPad = "UIInterfaceOrientationPortrait UIInterfaceOrientationPortraitUpsideDown UIInterfaceOrientationLandscapeLeft UIInterfaceOrientationLandscapeRight";
				INFOPLIST_KEY_UISupportedInterfaceOrientations_iPhone = "UIInterfaceOrientationPortrait UIInterfaceOrientationLandscapeLeft UIInterfaceOrientationLandscapeRight";
				LD_RUNPATH_SEARCH_PATHS = (
					"$(inherited)",
					"@executable_path/Frameworks",
				);
				MARKETING_VERSION = 1.0;
				PRODUCT_BUNDLE_IDENTIFIER = "Copland.Swift-iOS-RPG-Project";
				PRODUCT_NAME = "$(TARGET_NAME)";
				SWIFT_EMIT_LOC_STRINGS = YES;
				SWIFT_VERSION = 5.0;
				TARGETED_DEVICE_FAMILY = "1,2";
			};
			name = Debug;
		};
		D634BA4D27EB71C800DDCA79 /* Release */ = {
			isa = XCBuildConfiguration;
			buildSettings = {
				ASSETCATALOG_COMPILER_APPICON_NAME = AppIcon;
				ASSETCATALOG_COMPILER_GLOBAL_ACCENT_COLOR_NAME = AccentColor;
				CODE_SIGN_STYLE = Automatic;
				CURRENT_PROJECT_VERSION = 1;
				DEVELOPMENT_ASSET_PATHS = "\"Swift iOS RPG Project/Preview Content\"";
				ENABLE_PREVIEWS = YES;
				GENERATE_INFOPLIST_FILE = YES;
				INFOPLIST_KEY_UIApplicationSceneManifest_Generation = YES;
				INFOPLIST_KEY_UIApplicationSupportsIndirectInputEvents = YES;
				INFOPLIST_KEY_UILaunchScreen_Generation = YES;
				INFOPLIST_KEY_UISupportedInterfaceOrientations_iPad = "UIInterfaceOrientationPortrait UIInterfaceOrientationPortraitUpsideDown UIInterfaceOrientationLandscapeLeft UIInterfaceOrientationLandscapeRight";
				INFOPLIST_KEY_UISupportedInterfaceOrientations_iPhone = "UIInterfaceOrientationPortrait UIInterfaceOrientationLandscapeLeft UIInterfaceOrientationLandscapeRight";
				LD_RUNPATH_SEARCH_PATHS = (
					"$(inherited)",
					"@executable_path/Frameworks",
				);
				MARKETING_VERSION = 1.0;
				PRODUCT_BUNDLE_IDENTIFIER = "Copland.Swift-iOS-RPG-Project";
				PRODUCT_NAME = "$(TARGET_NAME)";
				SWIFT_EMIT_LOC_STRINGS = YES;
				SWIFT_VERSION = 5.0;
				TARGETED_DEVICE_FAMILY = "1,2";
			};
			name = Release;
		};
		D634BA4F27EB71C800DDCA79 /* Debug */ = {
			isa = XCBuildConfiguration;
			buildSettings = {
				ALWAYS_EMBED_SWIFT_STANDARD_LIBRARIES = YES;
				BUNDLE_LOADER = "$(TEST_HOST)";
				CODE_SIGN_STYLE = Automatic;
				CURRENT_PROJECT_VERSION = 1;
				GENERATE_INFOPLIST_FILE = YES;
				IPHONEOS_DEPLOYMENT_TARGET = 15.2;
				MARKETING_VERSION = 1.0;
				PRODUCT_BUNDLE_IDENTIFIER = "Copland.Swift-iOS-RPG-ProjectTests";
				PRODUCT_NAME = "$(TARGET_NAME)";
				SWIFT_EMIT_LOC_STRINGS = NO;
				SWIFT_VERSION = 5.0;
				TARGETED_DEVICE_FAMILY = "1,2";
				TEST_HOST = "$(BUILT_PRODUCTS_DIR)/Swift iOS RPG Project.app/Swift iOS RPG Project";
			};
			name = Debug;
		};
		D634BA5027EB71C800DDCA79 /* Release */ = {
			isa = XCBuildConfiguration;
			buildSettings = {
				ALWAYS_EMBED_SWIFT_STANDARD_LIBRARIES = YES;
				BUNDLE_LOADER = "$(TEST_HOST)";
				CODE_SIGN_STYLE = Automatic;
				CURRENT_PROJECT_VERSION = 1;
				GENERATE_INFOPLIST_FILE = YES;
				IPHONEOS_DEPLOYMENT_TARGET = 15.2;
				MARKETING_VERSION = 1.0;
				PRODUCT_BUNDLE_IDENTIFIER = "Copland.Swift-iOS-RPG-ProjectTests";
				PRODUCT_NAME = "$(TARGET_NAME)";
				SWIFT_EMIT_LOC_STRINGS = NO;
				SWIFT_VERSION = 5.0;
				TARGETED_DEVICE_FAMILY = "1,2";
				TEST_HOST = "$(BUILT_PRODUCTS_DIR)/Swift iOS RPG Project.app/Swift iOS RPG Project";
			};
			name = Release;
		};
		D634BA5227EB71C800DDCA79 /* Debug */ = {
			isa = XCBuildConfiguration;
			buildSettings = {
				ALWAYS_EMBED_SWIFT_STANDARD_LIBRARIES = YES;
				CODE_SIGN_STYLE = Automatic;
				CURRENT_PROJECT_VERSION = 1;
				GENERATE_INFOPLIST_FILE = YES;
				MARKETING_VERSION = 1.0;
				PRODUCT_BUNDLE_IDENTIFIER = "Copland.Swift-iOS-RPG-ProjectUITests";
				PRODUCT_NAME = "$(TARGET_NAME)";
				SWIFT_EMIT_LOC_STRINGS = NO;
				SWIFT_VERSION = 5.0;
				TARGETED_DEVICE_FAMILY = "1,2";
				TEST_TARGET_NAME = "Swift iOS RPG Project";
			};
			name = Debug;
		};
		D634BA5327EB71C800DDCA79 /* Release */ = {
			isa = XCBuildConfiguration;
			buildSettings = {
				ALWAYS_EMBED_SWIFT_STANDARD_LIBRARIES = YES;
				CODE_SIGN_STYLE = Automatic;
				CURRENT_PROJECT_VERSION = 1;
				GENERATE_INFOPLIST_FILE = YES;
				MARKETING_VERSION = 1.0;
				PRODUCT_BUNDLE_IDENTIFIER = "Copland.Swift-iOS-RPG-ProjectUITests";
				PRODUCT_NAME = "$(TARGET_NAME)";
				SWIFT_EMIT_LOC_STRINGS = NO;
				SWIFT_VERSION = 5.0;
				TARGETED_DEVICE_FAMILY = "1,2";
				TEST_TARGET_NAME = "Swift iOS RPG Project";
			};
			name = Release;
		};
/* End XCBuildConfiguration section */

/* Begin XCConfigurationList section */
		D634BA2227EB71C700DDCA79 /* Build configuration list for PBXProject "Swift iOS RPG Project" */ = {
			isa = XCConfigurationList;
			buildConfigurations = (
				D634BA4927EB71C800DDCA79 /* Debug */,
				D634BA4A27EB71C800DDCA79 /* Release */,
			);
			defaultConfigurationIsVisible = 0;
			defaultConfigurationName = Release;
		};
		D634BA4B27EB71C800DDCA79 /* Build configuration list for PBXNativeTarget "Swift iOS RPG Project" */ = {
			isa = XCConfigurationList;
			buildConfigurations = (
				D634BA4C27EB71C800DDCA79 /* Debug */,
				D634BA4D27EB71C800DDCA79 /* Release */,
			);
			defaultConfigurationIsVisible = 0;
			defaultConfigurationName = Release;
		};
		D634BA4E27EB71C800DDCA79 /* Build configuration list for PBXNativeTarget "Swift iOS RPG ProjectTests" */ = {
			isa = XCConfigurationList;
			buildConfigurations = (
				D634BA4F27EB71C800DDCA79 /* Debug */,
				D634BA5027EB71C800DDCA79 /* Release */,
			);
			defaultConfigurationIsVisible = 0;
			defaultConfigurationName = Release;
		};
		D634BA5127EB71C800DDCA79 /* Build configuration list for PBXNativeTarget "Swift iOS RPG ProjectUITests" */ = {
			isa = XCConfigurationList;
			buildConfigurations = (
				D634BA5227EB71C800DDCA79 /* Debug */,
				D634BA5327EB71C800DDCA79 /* Release */,
			);
			defaultConfigurationIsVisible = 0;
			defaultConfigurationName = Release;
		};
/* End XCConfigurationList section */
	};
	rootObject = D634BA1F27EB71C700DDCA79 /* Project object */;
}
